
Microsoft Visual Studio Solution File, Format Version 12.00
# Visual Studio Version 17
VisualStudioVersion = 17.4.33213.308
MinimumVisualStudioVersion = 10.0.40219.1
Project("{8BC9CEB8-8B4A-11D0-8D11-00A0C91BC942}") = "Photino.Native", "photino.Native\Photino.Native\Photino.Native.vcxproj", "{B326B50A-F623-40F1-92F7-1EC6A5A48DAC}"
EndProject
Project("{9A19103F-16F7-4668-BE54-9A1E7A4F7556}") = "Photino.NET", "photino.NET\Photino.NET\Photino.NET.csproj", "{96F6CBA4-491A-4BF0-817D-B9C6BE0E6F52}"
EndProject
Project("{9A19103F-16F7-4668-BE54-9A1E7A4F7556}") = "Photino.Test", "photino.Test\Photino.Test.csproj", "{6CBB8545-E9A3-4A87-AC1F-AD5BCFBF1AE3}"
EndProject
Project("{2150E333-8FDC-42A3-9474-1A3956D46DE8}") = "Solution Items", "Solution Items", "{4A556935-2718-4AE7-9827-70020BF8660F}"
	ProjectSection(SolutionItems) = preProject
		Makefile = Makefile
	EndProjectSection
EndProject
Global
	GlobalSection(SolutionConfigurationPlatforms) = preSolution
		Debug|Any CPU = Debug|Any CPU
		Debug|ARM64 = Debug|ARM64
		Debug|x64 = Debug|x64
		Debug|x86 = Debug|x86
		Release|Any CPU = Release|Any CPU
		Release|ARM64 = Release|ARM64
		Release|x64 = Release|x64
		Release|x86 = Release|x86
	EndGlobalSection
	GlobalSection(ProjectConfigurationPlatforms) = postSolution
		{B326B50A-F623-40F1-92F7-1EC6A5A48DAC}.Debug|Any CPU.ActiveCfg = Debug|x64
		{B326B50A-F623-40F1-92F7-1EC6A5A48DAC}.Debug|Any CPU.Build.0 = Debug|x64
		{B326B50A-F623-40F1-92F7-1EC6A5A48DAC}.Debug|ARM64.ActiveCfg = Debug|ARM64
		{B326B50A-F623-40F1-92F7-1EC6A5A48DAC}.Debug|ARM64.Build.0 = Debug|ARM64
		{B326B50A-F623-40F1-92F7-1EC6A5A48DAC}.Debug|x64.ActiveCfg = Debug|x64
		{B326B50A-F623-40F1-92F7-1EC6A5A48DAC}.Debug|x64.Build.0 = Debug|x64
		{B326B50A-F623-40F1-92F7-1EC6A5A48DAC}.Debug|x86.ActiveCfg = Debug|x86
		{B326B50A-F623-40F1-92F7-1EC6A5A48DAC}.Debug|x86.Build.0 = Debug|x86
		{B326B50A-F623-40F1-92F7-1EC6A5A48DAC}.Release|Any CPU.ActiveCfg = Release|x64
		{B326B50A-F623-40F1-92F7-1EC6A5A48DAC}.Release|Any CPU.Build.0 = Release|x64
		{B326B50A-F623-40F1-92F7-1EC6A5A48DAC}.Release|ARM64.ActiveCfg = Release|ARM64
		{B326B50A-F623-40F1-92F7-1EC6A5A48DAC}.Release|ARM64.Build.0 = Release|ARM64
		{B326B50A-F623-40F1-92F7-1EC6A5A48DAC}.Release|x64.ActiveCfg = Release|x64
		{B326B50A-F623-40F1-92F7-1EC6A5A48DAC}.Release|x64.Build.0 = Release|x64
		{B326B50A-F623-40F1-92F7-1EC6A5A48DAC}.Release|x86.ActiveCfg = Release|x86
		{B326B50A-F623-40F1-92F7-1EC6A5A48DAC}.Release|x86.Build.0 = Release|x86
		{96F6CBA4-491A-4BF0-817D-B9C6BE0E6F52}.Debug|Any CPU.ActiveCfg = Debug|Any CPU
		{96F6CBA4-491A-4BF0-817D-B9C6BE0E6F52}.Debug|Any CPU.Build.0 = Debug|Any CPU
		{96F6CBA4-491A-4BF0-817D-B9C6BE0E6F52}.Debug|ARM64.ActiveCfg = Debug|Any CPU
		{96F6CBA4-491A-4BF0-817D-B9C6BE0E6F52}.Debug|ARM64.Build.0 = Debug|Any CPU
		{96F6CBA4-491A-4BF0-817D-B9C6BE0E6F52}.Debug|x64.ActiveCfg = Debug|Any CPU
		{96F6CBA4-491A-4BF0-817D-B9C6BE0E6F52}.Debug|x64.Build.0 = Debug|Any CPU
		{96F6CBA4-491A-4BF0-817D-B9C6BE0E6F52}.Debug|x86.ActiveCfg = Debug|Any CPU
		{96F6CBA4-491A-4BF0-817D-B9C6BE0E6F52}.Debug|x86.Build.0 = Debug|Any CPU
		{96F6CBA4-491A-4BF0-817D-B9C6BE0E6F52}.Release|Any CPU.ActiveCfg = Release|Any CPU
		{96F6CBA4-491A-4BF0-817D-B9C6BE0E6F52}.Release|Any CPU.Build.0 = Release|Any CPU
		{96F6CBA4-491A-4BF0-817D-B9C6BE0E6F52}.Release|ARM64.ActiveCfg = Release|Any CPU
		{96F6CBA4-491A-4BF0-817D-B9C6BE0E6F52}.Release|ARM64.Build.0 = Release|Any CPU
		{96F6CBA4-491A-4BF0-817D-B9C6BE0E6F52}.Release|x64.ActiveCfg = Release|Any CPU
		{96F6CBA4-491A-4BF0-817D-B9C6BE0E6F52}.Release|x64.Build.0 = Release|Any CPU
		{96F6CBA4-491A-4BF0-817D-B9C6BE0E6F52}.Release|x86.ActiveCfg = Release|Any CPU
		{96F6CBA4-491A-4BF0-817D-B9C6BE0E6F52}.Release|x86.Build.0 = Release|Any CPU
		{6CBB8545-E9A3-4A87-AC1F-AD5BCFBF1AE3}.Debug|Any CPU.ActiveCfg = Debug|Any CPU
		{6CBB8545-E9A3-4A87-AC1F-AD5BCFBF1AE3}.Debug|Any CPU.Build.0 = Debug|Any CPU
		{6CBB8545-E9A3-4A87-AC1F-AD5BCFBF1AE3}.Debug|ARM64.ActiveCfg = Debug|ARM64
		{6CBB8545-E9A3-4A87-AC1F-AD5BCFBF1AE3}.Debug|ARM64.Build.0 = Debug|ARM64
		{6CBB8545-E9A3-4A87-AC1F-AD5BCFBF1AE3}.Debug|x64.ActiveCfg = Debug|x64
		{6CBB8545-E9A3-4A87-AC1F-AD5BCFBF1AE3}.Debug|x64.Build.0 = Debug|x64
		{6CBB8545-E9A3-4A87-AC1F-AD5BCFBF1AE3}.Debug|x86.ActiveCfg = Debug|x86
		{6CBB8545-E9A3-4A87-AC1F-AD5BCFBF1AE3}.Debug|x86.Build.0 = Debug|x86
		{6CBB8545-E9A3-4A87-AC1F-AD5BCFBF1AE3}.Release|Any CPU.ActiveCfg = Release|Any CPU
		{6CBB8545-E9A3-4A87-AC1F-AD5BCFBF1AE3}.Release|Any CPU.Build.0 = Release|Any CPU
		{6CBB8545-E9A3-4A87-AC1F-AD5BCFBF1AE3}.Release|ARM64.ActiveCfg = Release|ARM64
		{6CBB8545-E9A3-4A87-AC1F-AD5BCFBF1AE3}.Release|ARM64.Build.0 = Release|ARM64
		{6CBB8545-E9A3-4A87-AC1F-AD5BCFBF1AE3}.Release|x64.ActiveCfg = Release|x64
		{6CBB8545-E9A3-4A87-AC1F-AD5BCFBF1AE3}.Release|x64.Build.0 = Release|x64
		{6CBB8545-E9A3-4A87-AC1F-AD5BCFBF1AE3}.Release|x86.ActiveCfg = Release|x86
		{6CBB8545-E9A3-4A87-AC1F-AD5BCFBF1AE3}.Release|x86.Build.0 = Release|x86
	EndGlobalSection
	GlobalSection(SolutionProperties) = preSolution
		HideSolutionNode = FALSE
	EndGlobalSection
	GlobalSection(ExtensibilityGlobals) = postSolution
		SolutionGuid = {55FA2430-2BC3-4C96-B7E8-0A1F4174BF26}
	EndGlobalSection
EndGlobal
